
Microsoft Visual Studio Solution File, Format Version 12.00
# Visual Studio Version 17
VisualStudioVersion = 17.14.36310.24
MinimumVisualStudioVersion = 10.0.40219.1
Project("{2150E333-8FDC-42A3-9474-1A3956D46DE8}") = "src", "src", "{827E0CD3-B72D-47B6-A68D-7590B98EB39B}"
EndProject
Project("{FAE04EC0-301F-11D3-BF4B-00C04F79EFBC}") = "TorrentHub.Core", "src\TorrentHub.Core\TorrentHub.Core.csproj", "{D7126510-C4A7-4D85-9752-08C5C49E4E02}"
EndProject
Project("{FAE04EC0-301F-11D3-BF4B-00C04F79EFBC}") = "TorrentHub.Tracker", "src\TorrentHub.Tracker\TorrentHub.Tracker.csproj", "{57A542CD-BC63-4F54-9FB2-85D219D583B0}"
EndProject
Project("{FAE04EC0-301F-11D3-BF4B-00C04F79EFBC}") = "TorrentHub", "src\TorrentHub\TorrentHub.csproj", "{207C6329-274E-4585-B196-D9689E521305}"
EndProject
Global
	GlobalSection(SolutionConfigurationPlatforms) = preSolution
		Debug|Any CPU = Debug|Any CPU
		Debug|x64 = Debug|x64
		Debug|x86 = Debug|x86
		Release|Any CPU = Release|Any CPU
		Release|x64 = Release|x64
		Release|x86 = Release|x86
	EndGlobalSection
	GlobalSection(ProjectConfigurationPlatforms) = postSolution
		{D7126510-C4A7-4D85-9752-08C5C49E4E02}.Debug|Any CPU.ActiveCfg = Debug|Any CPU
		{D7126510-C4A7-4D85-9752-08C5C49E4E02}.Debug|Any CPU.Build.0 = Debug|Any CPU
		{D7126510-C4A7-4D85-9752-08C5C49E4E02}.Debug|x64.ActiveCfg = Debug|Any CPU
		{D7126510-C4A7-4D85-9752-08C5C49E4E02}.Debug|x64.Build.0 = Debug|Any CPU
		{D7126510-C4A7-4D85-9752-08C5C49E4E02}.Debug|x86.ActiveCfg = Debug|Any CPU
		{D7126510-C4A7-4D85-9752-08C5C49E4E02}.Debug|x86.Build.0 = Debug|Any CPU
		{D7126510-C4A7-4D85-9752-08C5C49E4E02}.Release|Any CPU.ActiveCfg = Release|Any CPU
		{D7126510-C4A7-4D85-9752-08C5C49E4E02}.Release|Any CPU.Build.0 = Release|Any CPU
		{D7126510-C4A7-4D85-9752-08C5C49E4E02}.Release|x64.ActiveCfg = Release|Any CPU
		{D7126510-C4A7-4D85-9752-08C5C49E4E02}.Release|x64.Build.0 = Release|Any CPU
		{D7126510-C4A7-4D85-9752-08C5C49E4E02}.Release|x86.ActiveCfg = Release|Any CPU
		{D7126510-C4A7-4D85-9752-08C5C49E4E02}.Release|x86.Build.0 = Release|Any CPU
		{57A542CD-BC63-4F54-9FB2-85D219D583B0}.Debug|Any CPU.ActiveCfg = Debug|Any CPU
		{57A542CD-BC63-4F54-9FB2-85D219D583B0}.Debug|Any CPU.Build.0 = Debug|Any CPU
		{57A542CD-BC63-4F54-9FB2-85D219D583B0}.Debug|x64.ActiveCfg = Debug|Any CPU
		{57A542CD-BC63-4F54-9FB2-85D219D583B0}.Debug|x64.Build.0 = Debug|Any CPU
		{57A542CD-BC63-4F54-9FB2-85D219D583B0}.Debug|x86.ActiveCfg = Debug|Any CPU
		{57A542CD-BC63-4F54-9FB2-85D219D583B0}.Debug|x86.Build.0 = Debug|Any CPU
		{57A542CD-BC63-4F54-9FB2-85D219D583B0}.Release|Any CPU.ActiveCfg = Release|Any CPU
		{57A542CD-BC63-4F54-9FB2-85D219D583B0}.Release|Any CPU.Build.0 = Release|Any CPU
		{57A542CD-BC63-4F54-9FB2-85D219D583B0}.Release|x64.ActiveCfg = Release|Any CPU
		{57A542CD-BC63-4F54-9FB2-85D219D583B0}.Release|x64.Build.0 = Release|Any CPU
		{57A542CD-BC63-4F54-9FB2-85D219D583B0}.Release|x86.ActiveCfg = Release|Any CPU
		{57A542CD-BC63-4F54-9FB2-85D219D583B0}.Release|x86.Build.0 = Release|Any CPU
		{207C6329-274E-4585-B196-D9689E521305}.Debug|Any CPU.ActiveCfg = Debug|Any CPU
		{207C6329-274E-4585-B196-D9689E521305}.Debug|Any CPU.Build.0 = Debug|Any CPU
		{207C6329-274E-4585-B196-D9689E521305}.Debug|x64.ActiveCfg = Debug|Any CPU
		{207C6329-274E-4585-B196-D9689E521305}.Debug|x64.Build.0 = Debug|Any CPU
		{207C6329-274E-4585-B196-D9689E521305}.Debug|x86.ActiveCfg = Debug|Any CPU
		{207C6329-274E-4585-B196-D9689E521305}.Debug|x86.Build.0 = Debug|Any CPU
		{207C6329-274E-4585-B196-D9689E521305}.Release|Any CPU.ActiveCfg = Release|Any CPU
		{207C6329-274E-4585-B196-D9689E521305}.Release|Any CPU.Build.0 = Release|Any CPU
		{207C6329-274E-4585-B196-D9689E521305}.Release|x64.ActiveCfg = Release|Any CPU
		{207C6329-274E-4585-B196-D9689E521305}.Release|x64.Build.0 = Release|Any CPU
		{207C6329-274E-4585-B196-D9689E521305}.Release|x86.ActiveCfg = Release|Any CPU
		{207C6329-274E-4585-B196-D9689E521305}.Release|x86.Build.0 = Release|Any CPU
	EndGlobalSection
	GlobalSection(SolutionProperties) = preSolution
		HideSolutionNode = FALSE
	EndGlobalSection
	GlobalSection(NestedProjects) = preSolution
		{D7126510-C4A7-4D85-9752-08C5C49E4E02} = {827E0CD3-B72D-47B6-A68D-7590B98EB39B}
		{57A542CD-BC63-4F54-9FB2-85D219D583B0} = {827E0CD3-B72D-47B6-A68D-7590B98EB39B}
		{207C6329-274E-4585-B196-D9689E521305} = {827E0CD3-B72D-47B6-A68D-7590B98EB39B}
	EndGlobalSection
	GlobalSection(ExtensibilityGlobals) = postSolution
		SolutionGuid = {80AC5948-DC93-48EB-B9FD-4F65ED31E396}
	EndGlobalSection
EndGlobal
